dependencies:
- name: postgresql
  repository: https://kubernetes-charts.storage.googleapis.com/
  version: 8.1.3
- name: redis
  repository: https://kubernetes-charts.storage.googleapis.com/
  version: 9.3.2
digest: sha256:ae13725c261073924e385aab2d403f765c3ceea68224dce64ca04f47c6cde99c
generated: "2020-01-13T17:53:18.452006+01:00"
