dependencies:
- name: postgresql
  repository: https://kubernetes-charts.storage.googleapis.com/
  version: 8.1.5
- name: redis
  repository: https://kubernetes-charts.storage.googleapis.com/
  version: 9.3.3
digest: sha256:8da5d0606e426a66bc634a680f935de5a9dd40aa23c13a04a186d62a26723e19
generated: "2020-01-29T17:07:43.731897+01:00"
