dependencies:
- name: postgresql
  repository: https://kubernetes-charts.storage.googleapis.com/
  version: 8.2.1
- name: redis
  repository: https://kubernetes-charts.storage.googleapis.com/
  version: 10.3.5
digest: sha256:149612b9306df7199f0bf904c7d524b9f3b6008ca5eb7cdeda962c4fb98b6277
generated: "2020-01-30T18:16:13.253588+01:00"
