dependencies:
- name: postgresql
  repository: https://kubernetes-charts.storage.googleapis.com/
  version: 8.2.1
- name: redis
  repository: https://kubernetes-charts.storage.googleapis.com/
  version: 10.3.5
digest: sha256:737307b83edc96f003d231a28e68a53eed91f861e0ba706fcaef0016ea533af4
generated: "2020-02-03T23:38:01.975142+01:00"
