dependencies:
- name: postgresql
  repository: https://kubernetes-charts.storage.googleapis.com/
  version: 8.2.1
- name: redis
  repository: https://kubernetes-charts.storage.googleapis.com/
  version: 10.3.5
digest: sha256:70768890e5b183aa84ee67b9fe045b29cdd98073a046ecf55b94cdb8e2ccbd7b
generated: "2020-02-04T11:02:59.199059+01:00"
