dependencies:
- name: ko-crds
  repository: ""
  version: 1.0.0
- name: kic-crds
  repository: ""
  version: 1.2.0
- name: gwapi-standard-crds
  repository: ""
  version: 1.3.0
- name: gwapi-experimental-crds
  repository: ""
  version: 1.3.0
digest: sha256:aa8ccdf41642091ad831c4f2020d4390b0f477dd06ca0979cef136f96a8be427
generated: "2025-08-27T14:04:29.252376+02:00"
