dependencies:
- name: ko-crds
  repository: ""
  version: 1.1.0
- name: gwapi-standard-crds
  repository: ""
  version: 1.6.1
- name: gwapi-experimental-crds
  repository: ""
  version: 1.6.1
digest: sha256:8db6c657ff78bbe2bec600906182096669a2f2aaf9cb998f5c62f90a578e77cc
generated: "2026-07-17T11:21:47.20249+02:00"
