dependencies:
- name: kic-crds
  repository: ""
  version: 3.2.0
- name: gwapi-standard-crds
  repository: ""
  version: 1.1.0
- name: gwapi-experimental-crds
  repository: ""
  version: 1.1.0
- name: kubernetes-configuration-crds
  repository: ""
  version: 1.0.8
digest: sha256:c03fa0214878f1b9b8b8d7890c22cd6d19cc4a95fa4236b4f55eb6b73e1db62f
generated: "2025-01-23T15:58:39.886944+01:00"
